lockfileVersion: '9.0'

settings:
  autoInstallPeers: true
  excludeLinksFromLockfile: false

patchedDependencies:
  better-auth@1.7.3: bfd7fc3c4dfb6fe6540041ac611fea6458aaa474ec4d7beec0a02886afe64702

importers:

  .:
    dependencies:
      better-auth:
        specifier: 1.7.3
        version: 1.7.3(patch_hash=bfd7fc3c4dfb6fe6540041ac611fea6458aaa474ec4d7beec0a02886afe64702)
    devDependencies:
      node:
        specifier: runtime:24.19.0
        version: runtime:24.19.0

packages:

  '@better-auth/core@1.7.3':
    resolution: {integrity: sha512-JdP7lOkyE83jgjn7RilJj1XvZ7n2JjRsErKJuaXchjyuNo6cf1iVd3GtbhAtiUyJJkWdk8yL+LaUBKT80H0zLA==}
    peerDependencies:
      '@better-auth/utils': 0.4.2
      '@better-fetch/fetch': 1.3.1
      '@cloudflare/workers-types': '>=4'
      '@opentelemetry/api': ^1.9.0
      better-call: 1.4.0
      jose: ^6.1.0
      kysely: ^0.28.5 || ^0.29.0
      nanostores: ^1.0.1
    peerDependenciesMeta:
      '@cloudflare/workers-types':
        optional: true
      '@opentelemetry/api':
        optional: true

  '@better-auth/drizzle-adapter@1.7.3':
    resolution: {integrity: sha512-S+nQRlxbUhkR43LrSv8c98ZvOvmv3nrtOnHkiZXkdDkr60PWp7maC2cqgzZ2C9exCC1a+4TugJlx2jRL+r+/9A==}
    peerDependencies:
      '@better-auth/core': ^1.7.3
      '@better-auth/utils': 0.4.2
      drizzle-orm: ^0.45.2 || >=1.0.0-rc.1 <2.0.0
    peerDependenciesMeta:
      drizzle-orm:
        optional: true

  '@better-auth/kysely-adapter@1.7.3':
    resolution: {integrity: sha512-UIsyJMIrjUnT+yTaS6dkCxYYmtPwxFHxwSJ8+CLty2II5w9BewlDxDA0/QzhoL/InYCPxQ5Y6xIgLHZG1dhwRA==}
    peerDependencies:
      '@better-auth/core': ^1.7.3
      '@better-auth/utils': 0.4.2
      kysely: ^0.28.17 || ^0.29.0
    peerDependenciesMeta:
      kysely:
        optional: true

  '@better-auth/memory-adapter@1.7.3':
    resolution: {integrity: sha512-WdLANFY/QWC3G351RCzxU+Y9YlW+BQ1oG9NwBTSOUWQw5rZ87ws+weU8tvAMO7sQ4C9gKIlkOKBKUKXrSt91Tw==}
    peerDependencies:
      '@better-auth/core': ^1.7.3
      '@better-auth/utils': 0.4.2

  '@better-auth/mongo-adapter@1.7.3':
    resolution: {integrity: sha512-YL9m01tNogmFmRvOWJ46M9WwE6HirCXHDell29mtsQB/Qs1TPNLrgj7ybGMMGhQuyj6S218+8Wbls8m9s+i8RQ==}
    peerDependencies:
      '@better-auth/core': ^1.7.3
      '@better-auth/utils': 0.4.2
      mongodb: ^6.0.0 || ^7.0.0
    peerDependenciesMeta:
      mongodb:
        optional: true

  '@better-auth/prisma-adapter@1.7.3':
    resolution: {integrity: sha512-TJ/DhlU7oLzrC626/1wfYA1Pl+lVsXa/zXBZ8d7Rlc2YO5fGd5fsAYJdRrYMyA51iZEo+rWLXMhZ0cez1BamsQ==}
    peerDependencies:
      '@better-auth/core': ^1.7.3
      '@better-auth/utils': 0.4.2
      '@prisma/client': ^5.0.0 || ^6.0.0 || ^7.0.0
      prisma: ^5.0.0 || ^6.0.0 || ^7.0.0
    peerDependenciesMeta:
      '@prisma/client':
        optional: true
      prisma:
        optional: true

  '@better-auth/telemetry@1.7.3':
    resolution: {integrity: sha512-aixgHbJhGvS8PRczX/LR3murYyBnIvOGmJw37ZZBMg6ZtLR/UBJAkufbDi1HYn5THSuTJ3D5DtY85Ahh/ABQtw==}
    peerDependencies:
      '@better-auth/core': ^1.7.3
      '@better-auth/utils': 0.4.2
      '@better-fetch/fetch': 1.3.1

  '@better-auth/utils@0.4.2':
    resolution: {integrity: sha512-AUxrvu+HaaODsUyzDxFgwd/8RZ1yZaYo42LXKSrU2oGgR38pS1ij8nqQKNgtTWoYGpNevNXtCfgTy6loHveW9A==}

  '@better-auth/utils@0.5.0':
    resolution: {integrity: sha512-BL8W4EfIZFwlu0r54m3v1ztjDhu6dDe/amLTm0xybmbZaNgYUqhD3SjpAsnq0q8YD6/ki4iwIgxJNLP/N3TxiA==}

  '@better-fetch/fetch@1.3.1':
    resolution: {integrity: sha512-ABkD1WhyfPZprKRQI3bhATjeiFuNWC9PXhfGWqL+sg/gKrM977oFrYkdb4msM3hgUGonr7KlOsOFT5TU2rht9g==}

  '@noble/ciphers@2.4.0':
    resolution: {integrity: sha512-AnjFn0Jv92laAkvMrghlFZq4qQCIN/4DxFV/eooqtC2YTjB7kBeLMS2T9KJX4Dn+ZVXLOwK0lSgqDtx9gvxtiw==}
    engines: {node: '>= 20.19.0'}

  '@noble/hashes@2.4.0':
    resolution: {integrity: sha512-X5XaVWZIBCT7HHZGm5I7ZQXDwLG+bGXuSrMQAW+7Zvl87h1kmc1ZB1VSRJcpUfoUrGQp4Fkoxm5kZ+Ms+aW+eA==}
    engines: {node: '>= 20.19.0'}

  '@opentelemetry/semantic-conventions@1.43.0':
    resolution: {integrity: sha512-eSYWTm620tTk45EKSedaUL8MFYI8hW164hIXsgIHyxu3VobUB3fFCu5t0hQby6OoWRPsG1KkKUG2M5UadiLiVg==}
    engines: {node: '>=14'}

  '@standard-schema/spec@1.1.0':
    resolution: {integrity: sha512-l2aFy5jALhniG5HgqrD6jXLi/rUWrKvqN/qJx6yoJsgKhblVd+iqqU4RCXavm/jPityDo5TCvKMnpjKnOriy0w==}

  better-auth@1.7.3:
    resolution: {integrity: sha512-8xGp68JQ+l36kniDEgP8bP99TLi1GdEv0NTEUBkyqnYnus/cgFUZseUfqUHKzr2BAsg2O6aD88I9f0U68shanQ==}
    peerDependencies:
      '@lynx-js/react': '*'
      '@prisma/client': ^5.0.0 || ^6.0.0 || ^7.0.0
      '@sveltejs/kit': ^2.0.0
      '@tanstack/react-start': ^1.0.0
      '@tanstack/solid-start': ^1.0.0
      better-sqlite3: ^12.0.0
      drizzle-kit: '>=0.31.4 || >=1.0.0-beta.1'
      drizzle-orm: ^0.45.2 || >=1.0.0-rc.1 <2.0.0
      mongodb: ^6.0.0 || ^7.0.0
      mysql2: ^3.0.0
      next: ^14.0.0 || ^15.0.0 || ^16.0.0
      pg: ^8.0.0
      prisma: ^5.0.0 || ^6.0.0 || ^7.0.0
      react: ^18.0.0 || ^19.0.0
      react-dom: ^18.0.0 || ^19.0.0
      solid-js: ^1.0.0
      svelte: ^4.0.0 || ^5.0.0
      vitest: ^2.0.0 || ^3.0.0 || ^4.0.0
      vue: ^3.0.0
    peerDependenciesMeta:
      '@lynx-js/react':
        optional: true
      '@prisma/client':
        optional: true
      '@sveltejs/kit':
        optional: true
      '@tanstack/react-start':
        optional: true
      '@tanstack/solid-start':
        optional: true
      better-sqlite3:
        optional: true
      drizzle-kit:
        optional: true
      drizzle-orm:
        optional: true
      mongodb:
        optional: true
      mysql2:
        optional: true
      next:
        optional: true
      pg:
        optional: true
      prisma:
        optional: true
      react:
        optional: true
      react-dom:
        optional: true
      solid-js:
        optional: true
      svelte:
        optional: true
      vitest:
        optional: true
      vue:
        optional: true

  better-call@1.4.0:
    resolution: {integrity: sha512-bBKOT4vv1kZLDgxVePdilk/Jwkn+dtRRsmi3DzHcDP+WnswyVl6dR59l2HEeP/0cB+bDoopASAesWDPIdd/zZA==}
    peerDependencies:
      zod: ^4.0.0
    peerDependenciesMeta:
      zod:
        optional: true

  defu@6.1.7:
    resolution: {integrity: sha512-7z22QmUWiQ/2d0KkdYmANbRUVABpZ9SNYyH5vx6PZ+nE5bcC0l7uFvEfHlyld/HcGBFTL536ClDt3DEcSlEJAQ==}

  jose@6.2.12:
    resolution: {integrity: sha512-9NiFmJEex0sy2Dk58j2UGBSHgUs2ypF9eZSu4L6vjOX3Dp96Sw1F3uL+H+D1sx02jZZdzUT0HgvCy59CuvXcWw==}

  kysely@0.29.5:
    resolution: {integrity: sha512-ooa+eSbBNPTo3MycPEuW5jdrxQdQwdtB3LC3h43FiXQbIry5tR0C5lDG7eealK0E4D7XjrnOP5DIUg/LyjRMYQ==}
    engines: {node: '>=22.0.0'}

  nanostores@1.5.3:
    resolution: {integrity: sha512-rQLB6eV4f2AW/n3L0JmwCROpaisYy9EDEADvEFSd1C/qG8hB6O5TPlh9A791JRbJr4CnMQBzptDcvD9OR1+6WA==}
    engines: {node: ^20.0.0 || >=22.0.0}

  node@runtime:24.19.0:
    resolution:
      type: variations
      variants:
        - resolution:
            archive: tarball
            bin:
              node: bin/node
            integrity: sha256-9ONcExZd5ogMqiVYwKpIyoitpH/iI0vtB9Ztu4CkfI0=
            type: binary
            url: https://nodejs.org/download/release/v24.19.0/node-v24.19.0-aix-ppc64.tar.gz
          targets:
            - cpu: ppc64
              os: aix
        - resolution:
            archive: tarball
            bin:
              node: bin/node
            integrity: sha256-gpS3qpsDmXSBwGur8eiycMhZNY8n2lehFQmv5TesOB0=
            type: binary
            url: https://nodejs.org/download/release/v24.19.0/node-v24.19.0-darwin-arm64.tar.gz
          targets:
            - cpu: arm64
              os: darwin
        - resolution:
            archive: tarball
            bin:
              node: bin/node
            integrity: sha256-0bXpmdsVjGL+j3JnpEdrA12L2TsaYFusJKPw3RZuMxY=
            type: binary
            url: https://nodejs.org/download/release/v24.19.0/node-v24.19.0-darwin-x64.tar.gz
          targets:
            - cpu: x64
              os: darwin
        - resolution:
            archive: tarball
            bin:
              node: bin/node
            integrity: sha256-0oyKW/CoCPDtQ0odzoxUrpjwNxwL2GrFirxhP3PmZD8=
            type: binary
            url: https://nodejs.org/download/release/v24.19.0/node-v24.19.0-linux-arm64.tar.gz
          targets:
            - cpu: arm64
              os: linux
        - resolution:
            archive: tarball
            bin:
              node: bin/node
            integrity: sha256-sxqMTLxYn5FS8y/bQxhGl1nhZViltdk7f/L7KHsBPbI=
            type: binary
            url: https://nodejs.org/download/release/v24.19.0/node-v24.19.0-linux-ppc64le.tar.gz
          targets:
            - cpu: ppc64le
              os: linux
        - resolution:
            archive: tarball
            bin:
              node: bin/node
            integrity: sha256-s6tqQ5KCjbn9TtloOY1VGIKSvMFYGVQtU74LEQDjMvw=
            type: binary
            url: https://nodejs.org/download/release/v24.19.0/node-v24.19.0-linux-s390x.tar.gz
          targets:
            - cpu: s390x
              os: linux
        - resolution:
            archive: tarball
            bin:
              node: bin/node
            integrity: sha256-9iXZfNcH30/5YlSRb7xf8BTwnAnv/loeDKj21BqHidQ=
            type: binary
            url: https://nodejs.org/download/release/v24.19.0/node-v24.19.0-linux-x64.tar.gz
          targets:
            - cpu: x64
              os: linux
        - resolution:
            archive: zip
            bin:
              node: node.exe
            integrity: sha256-hQL0pQtFjUzDjtjyABVWws0jnUZJIPdAF5Jsyx4cFX8=
            prefix: node-v24.19.0-win-arm64
            type: binary
            url: https://nodejs.org/download/release/v24.19.0/node-v24.19.0-win-arm64.zip
          targets:
            - cpu: arm64
              os: win32
        - resolution:
            archive: zip
            bin:
              node: node.exe
            integrity: sha256-V/cas2UueX2ErN3HnIHMn/HG3bKhl0zbg/AP7pv/THM=
            prefix: node-v24.19.0-win-x64
            type: binary
            url: https://nodejs.org/download/release/v24.19.0/node-v24.19.0-win-x64.zip
          targets:
            - cpu: x64
              os: win32
        - resolution:
            archive: tarball
            bin:
              node: bin/node
            integrity: sha256-IIJOTTWUj65bM33M70eBOwTYmVMS9Z33OG8iVtn5q34=
            type: binary
            url: https://unofficial-builds.nodejs.org/download/release/v24.19.0/node-v24.19.0-linux-arm64-musl.tar.gz
          targets:
            - cpu: arm64
              os: linux
              libc: musl
        - resolution:
            archive: tarball
            bin:
              node: bin/node
            integrity: sha256-xgIjeG3xSl0j4iDruOYDGPUyJkCmL5Dm2eVNOhjaUy4=
            type: binary
            url: https://unofficial-builds.nodejs.org/download/release/v24.19.0/node-v24.19.0-linux-x64-musl.tar.gz
          targets:
            - cpu: x64
              os: linux
              libc: musl
    version: 24.19.0
    hasBin: true

  rou3@0.9.2:
    resolution: {integrity: sha512-3SOzvaAg8rkHrXtRjpCvCvbyO5to9oOO27Z/XqHEYXfMRVSw/qMIVdmaOk9W2lcRLtR6dlqTjo9hDeJk70QBYQ==}

  set-cookie-parser@3.1.2:
    resolution: {integrity: sha512-5/r/lTwbJ3zQ+qwdUFZYeRNqda7P5HD8zQKqlSjdGt1/S0cjLAphHusj4Y58ahDtWn/g32xrIS58/ikOvwl0Lw==}

  zod@4.5.4:
    resolution: {integrity: sha512-sC95tT5iHHH9gtpj6A81kh+NEaRAUFN+qlUPDUbRfOMvNf5QCBqsb3WgvnpVtK5Y+4UfA6KqufotuTvMGiTlsA==}

snapshots:

  '@better-auth/core@1.7.3(@better-auth/utils@0.4.2)(@better-fetch/fetch@1.3.1)(better-call@1.4.0(zod@4.5.4))(jose@6.2.12)(kysely@0.29.5)(nanostores@1.5.3)':
    dependencies:
      '@better-auth/utils': 0.4.2
      '@better-fetch/fetch': 1.3.1
      '@opentelemetry/semantic-conventions': 1.43.0
      '@standard-schema/spec': 1.1.0
      better-call: 1.4.0(zod@4.5.4)
      jose: 6.2.12
      kysely: 0.29.5
      nanostores: 1.5.3
      zod: 4.5.4

  '@better-auth/drizzle-adapter@1.7.3(@better-auth/core@1.7.3(@better-auth/utils@0.4.2)(@better-fetch/fetch@1.3.1)(better-call@1.4.0(zod@4.5.4))(jose@6.2.12)(kysely@0.29.5)(nanostores@1.5.3))(@better-auth/utils@0.4.2)':
    dependencies:
      '@better-auth/core': 1.7.3(@better-auth/utils@0.4.2)(@better-fetch/fetch@1.3.1)(better-call@1.4.0(zod@4.5.4))(jose@6.2.12)(kysely@0.29.5)(nanostores@1.5.3)
      '@better-auth/utils': 0.4.2

  '@better-auth/kysely-adapter@1.7.3(@better-auth/core@1.7.3(@better-auth/utils@0.4.2)(@better-fetch/fetch@1.3.1)(better-call@1.4.0(zod@4.5.4))(jose@6.2.12)(kysely@0.29.5)(nanostores@1.5.3))(@better-auth/utils@0.4.2)(kysely@0.29.5)':
    dependencies:
      '@better-auth/core': 1.7.3(@better-auth/utils@0.4.2)(@better-fetch/fetch@1.3.1)(better-call@1.4.0(zod@4.5.4))(jose@6.2.12)(kysely@0.29.5)(nanostores@1.5.3)
      '@better-auth/utils': 0.4.2
    optionalDependencies:
      kysely: 0.29.5

  '@better-auth/memory-adapter@1.7.3(@better-auth/core@1.7.3(@better-auth/utils@0.4.2)(@better-fetch/fetch@1.3.1)(better-call@1.4.0(zod@4.5.4))(jose@6.2.12)(kysely@0.29.5)(nanostores@1.5.3))(@better-auth/utils@0.4.2)':
    dependencies:
      '@better-auth/core': 1.7.3(@better-auth/utils@0.4.2)(@better-fetch/fetch@1.3.1)(better-call@1.4.0(zod@4.5.4))(jose@6.2.12)(kysely@0.29.5)(nanostores@1.5.3)
      '@better-auth/utils': 0.4.2

  '@better-auth/mongo-adapter@1.7.3(@better-auth/core@1.7.3(@better-auth/utils@0.4.2)(@better-fetch/fetch@1.3.1)(better-call@1.4.0(zod@4.5.4))(jose@6.2.12)(kysely@0.29.5)(nanostores@1.5.3))(@better-auth/utils@0.4.2)':
    dependencies:
      '@better-auth/core': 1.7.3(@better-auth/utils@0.4.2)(@better-fetch/fetch@1.3.1)(better-call@1.4.0(zod@4.5.4))(jose@6.2.12)(kysely@0.29.5)(nanostores@1.5.3)
      '@better-auth/utils': 0.4.2

  '@better-auth/prisma-adapter@1.7.3(@better-auth/core@1.7.3(@better-auth/utils@0.4.2)(@better-fetch/fetch@1.3.1)(better-call@1.4.0(zod@4.5.4))(jose@6.2.12)(kysely@0.29.5)(nanostores@1.5.3))(@better-auth/utils@0.4.2)':
    dependencies:
      '@better-auth/core': 1.7.3(@better-auth/utils@0.4.2)(@better-fetch/fetch@1.3.1)(better-call@1.4.0(zod@4.5.4))(jose@6.2.12)(kysely@0.29.5)(nanostores@1.5.3)
      '@better-auth/utils': 0.4.2

  '@better-auth/telemetry@1.7.3(@better-auth/core@1.7.3(@better-auth/utils@0.4.2)(@better-fetch/fetch@1.3.1)(better-call@1.4.0(zod@4.5.4))(jose@6.2.12)(kysely@0.29.5)(nanostores@1.5.3))(@better-auth/utils@0.4.2)(@better-fetch/fetch@1.3.1)':
    dependencies:
      '@better-auth/core': 1.7.3(@better-auth/utils@0.4.2)(@better-fetch/fetch@1.3.1)(better-call@1.4.0(zod@4.5.4))(jose@6.2.12)(kysely@0.29.5)(nanostores@1.5.3)
      '@better-auth/utils': 0.4.2
      '@better-fetch/fetch': 1.3.1

  '@better-auth/utils@0.4.2':
    dependencies:
      '@noble/hashes': 2.4.0

  '@better-auth/utils@0.5.0':
    dependencies:
      '@noble/hashes': 2.4.0

  '@better-fetch/fetch@1.3.1': {}

  '@noble/ciphers@2.4.0': {}

  '@noble/hashes@2.4.0': {}

  '@opentelemetry/semantic-conventions@1.43.0': {}

  '@standard-schema/spec@1.1.0': {}

  better-auth@1.7.3(patch_hash=bfd7fc3c4dfb6fe6540041ac611fea6458aaa474ec4d7beec0a02886afe64702):
    dependencies:
      '@better-auth/core': 1.7.3(@better-auth/utils@0.4.2)(@better-fetch/fetch@1.3.1)(better-call@1.4.0(zod@4.5.4))(jose@6.2.12)(kysely@0.29.5)(nanostores@1.5.3)
      '@better-auth/drizzle-adapter': 1.7.3(@better-auth/core@1.7.3(@better-auth/utils@0.4.2)(@better-fetch/fetch@1.3.1)(better-call@1.4.0(zod@4.5.4))(jose@6.2.12)(kysely@0.29.5)(nanostores@1.5.3))(@better-auth/utils@0.4.2)
      '@better-auth/kysely-adapter': 1.7.3(@better-auth/core@1.7.3(@better-auth/utils@0.4.2)(@better-fetch/fetch@1.3.1)(better-call@1.4.0(zod@4.5.4))(jose@6.2.12)(kysely@0.29.5)(nanostores@1.5.3))(@better-auth/utils@0.4.2)(kysely@0.29.5)
      '@better-auth/memory-adapter': 1.7.3(@better-auth/core@1.7.3(@better-auth/utils@0.4.2)(@better-fetch/fetch@1.3.1)(better-call@1.4.0(zod@4.5.4))(jose@6.2.12)(kysely@0.29.5)(nanostores@1.5.3))(@better-auth/utils@0.4.2)
      '@better-auth/mongo-adapter': 1.7.3(@better-auth/core@1.7.3(@better-auth/utils@0.4.2)(@better-fetch/fetch@1.3.1)(better-call@1.4.0(zod@4.5.4))(jose@6.2.12)(kysely@0.29.5)(nanostores@1.5.3))(@better-auth/utils@0.4.2)
      '@better-auth/prisma-adapter': 1.7.3(@better-auth/core@1.7.3(@better-auth/utils@0.4.2)(@better-fetch/fetch@1.3.1)(better-call@1.4.0(zod@4.5.4))(jose@6.2.12)(kysely@0.29.5)(nanostores@1.5.3))(@better-auth/utils@0.4.2)
      '@better-auth/telemetry': 1.7.3(@better-auth/core@1.7.3(@better-auth/utils@0.4.2)(@better-fetch/fetch@1.3.1)(better-call@1.4.0(zod@4.5.4))(jose@6.2.12)(kysely@0.29.5)(nanostores@1.5.3))(@better-auth/utils@0.4.2)(@better-fetch/fetch@1.3.1)
      '@better-auth/utils': 0.4.2
      '@better-fetch/fetch': 1.3.1
      '@noble/ciphers': 2.4.0
      '@noble/hashes': 2.4.0
      better-call: 1.4.0(zod@4.5.4)
      defu: 6.1.7
      jose: 6.2.12
      kysely: 0.29.5
      nanostores: 1.5.3
      zod: 4.5.4
    transitivePeerDependencies:
      - '@cloudflare/workers-types'
      - '@opentelemetry/api'

  better-call@1.4.0(zod@4.5.4):
    dependencies:
      '@better-auth/utils': 0.5.0
      '@better-fetch/fetch': 1.3.1
      rou3: 0.9.2
      set-cookie-parser: 3.1.2
    optionalDependencies:
      zod: 4.5.4

  defu@6.1.7: {}

  jose@6.2.12: {}

  kysely@0.29.5: {}

  nanostores@1.5.3: {}

  node@runtime:24.19.0: {}

  rou3@0.9.2: {}

  set-cookie-parser@3.1.2: {}

  zod@4.5.4: {}
