{
  "name": "h3-unhandled-false",
  "lockfileVersion": 3,
  "requires": true,
  "packages": {
    "": {
      "name": "h3-unhandled-false",
      "dependencies": {
        "h3": "latest"
      }
    },
    "node_modules/h3": {
      "version": "2.0.1-rc.11",
      "resolved": "https://registry.npmjs.org/h3/-/h3-2.0.1-rc.11.tgz",
      "integrity": "sha512-2myzjCqy32c1As9TjZW9fNZXtLqNedjFSrdFy2AjFBQQ3LzrnGoDdFDYfC0tV2e4vcyfJ2Sfo/F6NQhO2Ly/Mw==",
      "license": "MIT",
      "dependencies": {
        "rou3": "^0.7.12",
        "srvx": "^0.10.1"
      },
      "engines": {
        "node": ">=20.11.1"
      },
      "peerDependencies": {
        "crossws": "^0.4.1"
      },
      "peerDependenciesMeta": {
        "crossws": {
          "optional": true
        }
      }
    },
    "node_modules/rou3": {
      "version": "0.7.12",
      "resolved": "https://registry.npmjs.org/rou3/-/rou3-0.7.12.tgz",
      "integrity": "sha512-iFE4hLDuloSWcD7mjdCDhx2bKcIsYbtOTpfH5MHHLSKMOUyjqQXTeZVa289uuwEGEKFoE/BAPbhaU4B774nceg==",
      "license": "MIT"
    },
    "node_modules/srvx": {
      "version": "0.10.1",
      "resolved": "https://registry.npmjs.org/srvx/-/srvx-0.10.1.tgz",
      "integrity": "sha512-A//xtfak4eESMWWydSRFUVvCTQbSwivnGCEf8YGPe2eHU0+Z6znfUTCPF0a7oV3sObSOcrXHlL6Bs9vVctfXdg==",
      "license": "MIT",
      "bin": {
        "srvx": "bin/srvx.mjs"
      },
      "engines": {
        "node": ">=20.16.0"
      }
    }
  }
}
