lockfileVersion: '9.0'

settings:
  autoInstallPeers: true
  excludeLinksFromLockfile: false

importers:

  .:
    dependencies:
      unstorage:
        specifier: 2.0.0-alpha.10
        version: 2.0.0-alpha.10
    devDependencies:
      node:
        specifier: runtime:24.21.0
        version: runtime:24.21.0

packages:

  node@runtime:24.21.0:
    resolution:
      type: variations
      variants:
        - resolution:
            archive: tarball
            bin:
              node: bin/node
            integrity: sha256-rseyRkr7mfB4wZywbSAdVDvTsxHLoHEoK84bF8l+WLs=
            type: binary
            url: https://nodejs.org/download/release/v24.21.0/node-v24.21.0-aix-ppc64.tar.gz
          targets:
            - cpu: ppc64
              os: aix
        - resolution:
            archive: tarball
            bin:
              node: bin/node
            integrity: sha256-vtfupTJeEQjzLOUijd1qXw8IpJnuQqp0Qq6lg3AvYFc=
            type: binary
            url: https://nodejs.org/download/release/v24.21.0/node-v24.21.0-darwin-arm64.tar.gz
          targets:
            - cpu: arm64
              os: darwin
        - resolution:
            archive: tarball
            bin:
              node: bin/node
            integrity: sha256-FGLLOzBGuBXPjqQ209pFDsGp8R2sflpGsK2lMF1+gJc=
            type: binary
            url: https://nodejs.org/download/release/v24.21.0/node-v24.21.0-darwin-x64.tar.gz
          targets:
            - cpu: x64
              os: darwin
        - resolution:
            archive: tarball
            bin:
              node: bin/node
            integrity: sha256-ckKCw7Q67JmKqVJzgEZbRdIp4CG1gDX19PYwleq/5dU=
            type: binary
            url: https://nodejs.org/download/release/v24.21.0/node-v24.21.0-linux-arm64.tar.gz
          targets:
            - cpu: arm64
              os: linux
        - resolution:
            archive: tarball
            bin:
              node: bin/node
            integrity: sha256-UcXVMGbukpILYXg7A7Buy5nzZhFg97Fcp36EdBFaZ7w=
            type: binary
            url: https://nodejs.org/download/release/v24.21.0/node-v24.21.0-linux-ppc64le.tar.gz
          targets:
            - cpu: ppc64le
              os: linux
        - resolution:
            archive: tarball
            bin:
              node: bin/node
            integrity: sha256-Xy+jdCLgx13jXBaG/lHXgyTywqj+LMI5pB2cAAop2Tg=
            type: binary
            url: https://nodejs.org/download/release/v24.21.0/node-v24.21.0-linux-s390x.tar.gz
          targets:
            - cpu: s390x
              os: linux
        - resolution:
            archive: tarball
            bin:
              node: bin/node
            integrity: sha256-PWNAX8ZaDS0pdsHwvC/Se7C9ByEkaecFqsPwOuWrTJw=
            type: binary
            url: https://nodejs.org/download/release/v24.21.0/node-v24.21.0-linux-x64-musl.tar.gz
          targets:
            - cpu: x64
              os: linux
              libc: musl
        - resolution:
            archive: tarball
            bin:
              node: bin/node
            integrity: sha256-bh24fvWLiBnl1UAu/xU2SRsY7djre+5e94l4duiNxf8=
            type: binary
            url: https://nodejs.org/download/release/v24.21.0/node-v24.21.0-linux-x64.tar.gz
          targets:
            - cpu: x64
              os: linux
        - resolution:
            archive: zip
            bin:
              node: node.exe
            integrity: sha256-h3mxveHTn41CDjtXqmV7OYka9DTT3kSpGQRM7AZ4WSE=
            prefix: node-v24.21.0-win-arm64
            type: binary
            url: https://nodejs.org/download/release/v24.21.0/node-v24.21.0-win-arm64.zip
          targets:
            - cpu: arm64
              os: win32
        - resolution:
            archive: zip
            bin:
              node: node.exe
            integrity: sha256-FY92hbRN5R9sDfHRU1JsvNPhvHOajfxgdyHO913p5UE=
            prefix: node-v24.21.0-win-x64
            type: binary
            url: https://nodejs.org/download/release/v24.21.0/node-v24.21.0-win-x64.zip
          targets:
            - cpu: x64
              os: win32
        - resolution:
            archive: tarball
            bin:
              node: bin/node
            integrity: sha256-MEiwgR4VjKDYZytZyDmGF2PhREkpgNjSmzad/uRXR+Q=
            type: binary
            url: https://unofficial-builds.nodejs.org/download/release/v24.21.0/node-v24.21.0-linux-arm64-musl.tar.gz
          targets:
            - cpu: arm64
              os: linux
              libc: musl
        - resolution:
            archive: tarball
            bin:
              node: bin/node
            integrity: sha256-AacT402pjntNKjGR7nyj+T3QOE0aLvI8N5shYe5uEzo=
            type: binary
            url: https://unofficial-builds.nodejs.org/download/release/v24.21.0/node-v24.21.0-linux-x64-musl.tar.gz
          targets:
            - cpu: x64
              os: linux
              libc: musl
    version: 24.21.0
    hasBin: true

  unstorage@2.0.0-alpha.10:
    resolution: {integrity: sha512-6h1veZp8gnp4dGllf0tDijoXxDYymJu251IpKKkrSVH+QHL6tXFbwG85KM+CBHSgpkkgtPuIiZ9oLCLP5+1Evw==}

snapshots:

  node@runtime:24.21.0: {}

  unstorage@2.0.0-alpha.10: {}
