lockfileVersion: '9.0'

settings:
  autoInstallPeers: true
  excludeLinksFromLockfile: false

importers:

  .:
    dependencies:
      better-auth:
        specifier: 1.7.1
        version: 1.7.1(vue@3.5.41(typescript@5.9.3))
      vue:
        specifier: 3.5.41
        version: 3.5.41(typescript@5.9.3)

packages:

  '@babel/helper-string-parser@7.29.7':
    resolution: {integrity: sha512-Pb5ijPrZ89GDH8223L4UP8i6QApWxs04RbPQJTeWDV0/keR2E36MeKnyr6LYmUUvqRRI+Iv87SuF1W6ErINzYw==}
    engines: {node: '>=6.9.0'}

  '@babel/helper-validator-identifier@7.29.7':
    resolution: {integrity: sha512-qehxGkRj55h/ff8EMaJ+cYhyaKlHIxqYDn682wQD7RNp9UujOQsHog2uS0r2vzr4pW+sXf90NeeayjcNaX3fFg==}
    engines: {node: '>=6.9.0'}

  '@babel/parser@7.29.8':
    resolution: {integrity: sha512-E8lTAYNB1KW+FH+VGJuZM1ioAx2E6oVlvQFRrf5P8ZZmsiJXYAD9vTFV7yyEURNzgh1dFqMZuO6tUwcARbqFCA==}
    engines: {node: '>=6.0.0'}
    hasBin: true

  '@babel/types@7.29.8':
    resolution: {integrity: sha512-Vj1jF3cPfxg7OAfoI7QnVKLoILlm2JF9pnVHrX8qx7AHMiYWT+NDAA7jChlNgRS4WTLc/fD1lXLmPixluj+3Gg==}
    engines: {node: '>=6.9.0'}

  '@better-auth/core@1.7.1':
    resolution: {integrity: sha512-eZ9lqcnVLMZ3QtUByRo4VZqkB1ESyRddd9NfWjBdDPgh+jcwLScoIUAqhtHLR8zaSUJZah8OLGlkzObyPdUH7A==}
    peerDependencies:
      '@better-auth/utils': 0.4.2
      '@better-fetch/fetch': 1.3.1
      '@cloudflare/workers-types': '>=4'
      '@opentelemetry/api': ^1.9.0
      better-call: 1.4.0
      jose: ^6.1.0
      kysely: ^0.28.5 || ^0.29.0
      nanostores: ^1.0.1
    peerDependenciesMeta:
      '@cloudflare/workers-types':
        optional: true
      '@opentelemetry/api':
        optional: true

  '@better-auth/drizzle-adapter@1.7.1':
    resolution: {integrity: sha512-qlqNyg5V9bXHSP68/vtlsiZayhR4hgvEGiS/E3SIj8bCpWWFGmyQkxJbQCqpBmC7vT30wE/kNtJMHIgnV3rkiw==}
    peerDependencies:
      '@better-auth/core': ^1.7.1
      '@better-auth/utils': 0.4.2
      drizzle-orm: ^0.45.2 || >=1.0.0-rc.1 <2.0.0
    peerDependenciesMeta:
      drizzle-orm:
        optional: true

  '@better-auth/kysely-adapter@1.7.1':
    resolution: {integrity: sha512-yWCpE1cZpMUj37nD6JFDK+GDR8zS37L5WI73il3qbU9TXtWsxUQKc/5c3IHsHizWQsmcQI8uv2pAFKxsRDa+AQ==}
    peerDependencies:
      '@better-auth/core': ^1.7.1
      '@better-auth/utils': 0.4.2
      kysely: ^0.28.17 || ^0.29.0
    peerDependenciesMeta:
      kysely:
        optional: true

  '@better-auth/memory-adapter@1.7.1':
    resolution: {integrity: sha512-6NX1yv88DeqdoG7owYFqKwlrDGaIPhsC52JUGrUgeGVKyOq8a/6hHlHsqG1C2FwT23SHQiKVYCEAG9N6aH5OvQ==}
    peerDependencies:
      '@better-auth/core': ^1.7.1
      '@better-auth/utils': 0.4.2

  '@better-auth/mongo-adapter@1.7.1':
    resolution: {integrity: sha512-9ILTcNqhG37QK//qR4UhYLyKzNqq6w6zVTf5KX6xkiTjNcV7Oh1yS31lkIJEVTqRNcy9AoV6FZMW6Bbsm8IMDA==}
    peerDependencies:
      '@better-auth/core': ^1.7.1
      '@better-auth/utils': 0.4.2
      mongodb: ^6.0.0 || ^7.0.0
    peerDependenciesMeta:
      mongodb:
        optional: true

  '@better-auth/prisma-adapter@1.7.1':
    resolution: {integrity: sha512-ZiUcafQ85InAofcUjyGgCPjKLfQjXr9SvDmMjuFUW8oEbreA6C6GaFAEA77VuV2doZUQlzvQQ4gCoTmS28W92A==}
    peerDependencies:
      '@better-auth/core': ^1.7.1
      '@better-auth/utils': 0.4.2
      '@prisma/client': ^5.0.0 || ^6.0.0 || ^7.0.0
      prisma: ^5.0.0 || ^6.0.0 || ^7.0.0
    peerDependenciesMeta:
      '@prisma/client':
        optional: true
      prisma:
        optional: true

  '@better-auth/telemetry@1.7.1':
    resolution: {integrity: sha512-kLKjMfFlTbyt49DGeI9okHAsn0MtBZcMoQYKaEdgR0H3BHzqqyzePcQz/hxAmRgjB4p/6inise3zJwhX0sgXrQ==}
    peerDependencies:
      '@better-auth/core': ^1.7.1
      '@better-auth/utils': 0.4.2
      '@better-fetch/fetch': 1.3.1

  '@better-auth/utils@0.4.2':
    resolution: {integrity: sha512-AUxrvu+HaaODsUyzDxFgwd/8RZ1yZaYo42LXKSrU2oGgR38pS1ij8nqQKNgtTWoYGpNevNXtCfgTy6loHveW9A==}

  '@better-auth/utils@0.5.0':
    resolution: {integrity: sha512-BL8W4EfIZFwlu0r54m3v1ztjDhu6dDe/amLTm0xybmbZaNgYUqhD3SjpAsnq0q8YD6/ki4iwIgxJNLP/N3TxiA==}

  '@better-fetch/fetch@1.3.1':
    resolution: {integrity: sha512-ABkD1WhyfPZprKRQI3bhATjeiFuNWC9PXhfGWqL+sg/gKrM977oFrYkdb4msM3hgUGonr7KlOsOFT5TU2rht9g==}

  '@jridgewell/sourcemap-codec@1.6.0':
    resolution: {integrity: sha512-T7jf+5zgsZHwNJ4lvQ7/aezbyk0nNX+zJVWpmHA7VYsEx7a7qr5Rg5IbtJFqkgze5Y2sruq1RUY8Q837Od7iFw==}

  '@noble/ciphers@2.4.0':
    resolution: {integrity: sha512-AnjFn0Jv92laAkvMrghlFZq4qQCIN/4DxFV/eooqtC2YTjB7kBeLMS2T9KJX4Dn+ZVXLOwK0lSgqDtx9gvxtiw==}
    engines: {node: '>= 20.19.0'}

  '@noble/hashes@2.4.0':
    resolution: {integrity: sha512-X5XaVWZIBCT7HHZGm5I7ZQXDwLG+bGXuSrMQAW+7Zvl87h1kmc1ZB1VSRJcpUfoUrGQp4Fkoxm5kZ+Ms+aW+eA==}
    engines: {node: '>= 20.19.0'}

  '@opentelemetry/semantic-conventions@1.43.0':
    resolution: {integrity: sha512-eSYWTm620tTk45EKSedaUL8MFYI8hW164hIXsgIHyxu3VobUB3fFCu5t0hQby6OoWRPsG1KkKUG2M5UadiLiVg==}
    engines: {node: '>=14'}

  '@standard-schema/spec@1.1.0':
    resolution: {integrity: sha512-l2aFy5jALhniG5HgqrD6jXLi/rUWrKvqN/qJx6yoJsgKhblVd+iqqU4RCXavm/jPityDo5TCvKMnpjKnOriy0w==}

  '@vue/compiler-core@3.5.41':
    resolution: {integrity: sha512-q0Xtv/F9w2YO/7htQhtiL+Ev2WCJbe5N2hc+XfgyKkEKqWpSxknmT8QOuGdEKNdjPq0c3F7rNpFkTo3Kfrm7pg==}

  '@vue/compiler-dom@3.5.41':
    resolution: {integrity: sha512-oKacVfNglLvGjnS6BXOlGL7EyG2h8X03pqXCjzotRZUaXGjbrTJUnVAQjrCqUnS+lyu31nwQjZY/d817GmCnfw==}

  '@vue/compiler-sfc@3.5.41':
    resolution: {integrity: sha512-XJhip7R2wy6vX3knCxdZN4KracFaZUef58s1KYewqluedHIJaPIVfXoYT7MF1F8nCvv6k8bWWxDC8opMkg1VTQ==}

  '@vue/compiler-ssr@3.5.41':
    resolution: {integrity: sha512-U3v5OejKEGqOI0Wy0+Sz7hGuIFZHA4LSXzrNM3IMIeDyJEBBfTpX26n3SDgToRpP2bLc9FfI2j/kSgcJ8Emq5A==}

  '@vue/reactivity@3.5.41':
    resolution: {integrity: sha512-rznsqKM0np0x18EjzF8x88MpEhdNsffbvFbckLL5+oUKz1BxAImEmO7J1ArRYSyo6aQaVoBDp7jEkT91OOxydA==}

  '@vue/runtime-core@3.5.41':
    resolution: {integrity: sha512-Vcry58hiAKwGen9Z1jUZE0feFsNArPCMOImYI8el48A9Idf6DuQYD0U05zZIF2Iad1hGhPSvcbBbAOhNr55fhg==}

  '@vue/runtime-dom@3.5.41':
    resolution: {integrity: sha512-3vVBahVBS9+U6cmXBLyb8nE6/yYo4J/CGI9eVFs3KiMc0YHuudwKyShTD65jtJy/L9PUUxNAFu4cj4LiJ0UFbw==}

  '@vue/server-renderer@3.5.41':
    resolution: {integrity: sha512-n6hx/pNFfbD6SuyeuMVkvqox8bwf/ET9JlA/kAz/imw8sw++wkqKe2mHX5KutjPpbKE4Z56yTHszoOjGMI9igQ==}

  '@vue/shared@3.5.41':
    resolution: {integrity: sha512-IOnwSCma8j+9xJT6b8H0dEYidC80NsYmNMlZxRsukYcSoGaDBohog5hDxzeUXdFeGWFA++vWvxqOmrr96VlqMA==}

  better-auth@1.7.1:
    resolution: {integrity: sha512-g8WlTQijxXWJjPVZfFu1+EJg9cwwHrKDmIkcYMzx8CzYA+tDxl6NI7qQbKkbgw5UtHILsT5VH+RMzFzwnVJqAg==}
    peerDependencies:
      '@lynx-js/react': '*'
      '@prisma/client': ^5.0.0 || ^6.0.0 || ^7.0.0
      '@sveltejs/kit': ^2.0.0
      '@tanstack/react-start': ^1.0.0
      '@tanstack/solid-start': ^1.0.0
      better-sqlite3: ^12.0.0
      drizzle-kit: '>=0.31.4 || >=1.0.0-beta.1'
      drizzle-orm: ^0.45.2 || >=1.0.0-rc.1 <2.0.0
      mongodb: ^6.0.0 || ^7.0.0
      mysql2: ^3.0.0
      next: ^14.0.0 || ^15.0.0 || ^16.0.0
      pg: ^8.0.0
      prisma: ^5.0.0 || ^6.0.0 || ^7.0.0
      react: ^18.0.0 || ^19.0.0
      react-dom: ^18.0.0 || ^19.0.0
      solid-js: ^1.0.0
      svelte: ^4.0.0 || ^5.0.0
      vitest: ^2.0.0 || ^3.0.0 || ^4.0.0
      vue: ^3.0.0
    peerDependenciesMeta:
      '@lynx-js/react':
        optional: true
      '@prisma/client':
        optional: true
      '@sveltejs/kit':
        optional: true
      '@tanstack/react-start':
        optional: true
      '@tanstack/solid-start':
        optional: true
      better-sqlite3:
        optional: true
      drizzle-kit:
        optional: true
      drizzle-orm:
        optional: true
      mongodb:
        optional: true
      mysql2:
        optional: true
      next:
        optional: true
      pg:
        optional: true
      prisma:
        optional: true
      react:
        optional: true
      react-dom:
        optional: true
      solid-js:
        optional: true
      svelte:
        optional: true
      vitest:
        optional: true
      vue:
        optional: true

  better-call@1.4.0:
    resolution: {integrity: sha512-bBKOT4vv1kZLDgxVePdilk/Jwkn+dtRRsmi3DzHcDP+WnswyVl6dR59l2HEeP/0cB+bDoopASAesWDPIdd/zZA==}
    peerDependencies:
      zod: ^4.0.0
    peerDependenciesMeta:
      zod:
        optional: true

  csstype@3.2.3:
    resolution: {integrity: sha512-z1HGKcYy2xA8AGQfwrn0PAy+PB7X/GSj3UVJW9qKyn43xWa+gl5nXmU4qqLMRzWVLFC8KusUX8T/0kCiOYpAIQ==}

  defu@6.1.7:
    resolution: {integrity: sha512-7z22QmUWiQ/2d0KkdYmANbRUVABpZ9SNYyH5vx6PZ+nE5bcC0l7uFvEfHlyld/HcGBFTL536ClDt3DEcSlEJAQ==}

  entities@7.0.1:
    resolution: {integrity: sha512-TWrgLOFUQTH994YUyl1yT4uyavY5nNB5muff+RtWaqNVCAK408b5ZnnbNAUEWLTCpum9w6arT70i1XdQ4UeOPA==}
    engines: {node: '>=0.12'}

  estree-walker@2.0.2:
    resolution: {integrity: sha512-Rfkk/Mp/DL7JVje3u18FxFujQlTNR2q6QfMSMB7AvCBx91NGj/ba3kCfza0f6dVDbw7YlRf/nDrn7pQrCCyQ/w==}

  jose@6.2.10:
    resolution: {integrity: sha512-iiW7J9qRFlGxvCOIBDBDxFePQSn7ZMAnrYGhrrOo6siO/MIqwfyilLR27pkfDgUk+raLuzADS8A3S/KLBisc0g==}

  kysely@0.29.5:
    resolution: {integrity: sha512-ooa+eSbBNPTo3MycPEuW5jdrxQdQwdtB3LC3h43FiXQbIry5tR0C5lDG7eealK0E4D7XjrnOP5DIUg/LyjRMYQ==}
    engines: {node: '>=22.0.0'}

  magic-string@0.30.21:
    resolution: {integrity: sha512-vd2F4YUyEXKGcLHoq+TEyCjxueSeHnFxyyjNp80yg0XV4vUhnDer/lvvlqM/arB5bXQN5K2/3oinyCRyx8T2CQ==}

  nanoid@3.3.18:
    resolution: {integrity: sha512-DTg4MJbGMWkfi6VZFdNt2/caMbQy4Ou+Op/hJQvGEWcnVfoA1QA+xzRKAzw9jD6+GVOOeYr/mIcuDSdug6F6+w==}
    engines: {node: ^10 || ^12 || ^13.7 || ^14 || >=15.0.1}
    hasBin: true

  nanostores@1.5.3:
    resolution: {integrity: sha512-rQLB6eV4f2AW/n3L0JmwCROpaisYy9EDEADvEFSd1C/qG8hB6O5TPlh9A791JRbJr4CnMQBzptDcvD9OR1+6WA==}
    engines: {node: ^20.0.0 || >=22.0.0}

  picocolors@1.1.1:
    resolution: {integrity: sha512-xceH2snhtb5M9liqDsmEw56le376mTZkEX/jEb/RxNFyegNul7eNslCXP9FDj/Lcu0X8KEyMceP2ntpaHrDEVA==}

  postcss@8.5.28:
    resolution: {integrity: sha512-RRuzqDtt5Y9h3quz5hWhK+TPnsmVs6WwSU6LkJMeY4HstUEDuYTG8UJSdawMRzmzAtV+KEoG8N3Qg2qLy5vM/A==}
    engines: {node: ^10 || ^12 || >=14}

  rou3@0.9.2:
    resolution: {integrity: sha512-3SOzvaAg8rkHrXtRjpCvCvbyO5to9oOO27Z/XqHEYXfMRVSw/qMIVdmaOk9W2lcRLtR6dlqTjo9hDeJk70QBYQ==}

  set-cookie-parser@3.1.2:
    resolution: {integrity: sha512-5/r/lTwbJ3zQ+qwdUFZYeRNqda7P5HD8zQKqlSjdGt1/S0cjLAphHusj4Y58ahDtWn/g32xrIS58/ikOvwl0Lw==}

  source-map-js@1.2.1:
    resolution: {integrity: sha512-UXWMKhLOwVKb728IUtQPXxfYU+usdybtUrK/8uGE8CQMvrhOpwvzDBwj0QhSL7MQc7vIsISBG8VQ8+IDQxpfQA==}
    engines: {node: '>=0.10.0'}

  typescript@5.9.3:
    resolution: {integrity: sha512-jl1vZzPDinLr9eUt3J/t7V6FgNEw9QjvBPdysz9KfQDD41fQrC2Y4vKQdiaUpFT4bXlb1RHhLpp8wtm6M5TgSw==}
    engines: {node: '>=14.17'}
    hasBin: true

  vue@3.5.41:
    resolution: {integrity: sha512-2laE0p+aK+/AOPG/XL/WepOs/GlK755LJ1XECi9kDUrz1FKNw8rb2Xzlw9JS1rqEV55nb0ttsKxVlTCcd+R5cg==}
    peerDependencies:
      typescript: '*'
    peerDependenciesMeta:
      typescript:
        optional: true

  zod@4.5.4:
    resolution: {integrity: sha512-sC95tT5iHHH9gtpj6A81kh+NEaRAUFN+qlUPDUbRfOMvNf5QCBqsb3WgvnpVtK5Y+4UfA6KqufotuTvMGiTlsA==}

snapshots:

  '@babel/helper-string-parser@7.29.7': {}

  '@babel/helper-validator-identifier@7.29.7': {}

  '@babel/parser@7.29.8':
    dependencies:
      '@babel/types': 7.29.8

  '@babel/types@7.29.8':
    dependencies:
      '@babel/helper-string-parser': 7.29.7
      '@babel/helper-validator-identifier': 7.29.7

  '@better-auth/core@1.7.1(@better-auth/utils@0.4.2)(@better-fetch/fetch@1.3.1)(better-call@1.4.0(zod@4.5.4))(jose@6.2.10)(kysely@0.29.5)(nanostores@1.5.3)':
    dependencies:
      '@better-auth/utils': 0.4.2
      '@better-fetch/fetch': 1.3.1
      '@opentelemetry/semantic-conventions': 1.43.0
      '@standard-schema/spec': 1.1.0
      better-call: 1.4.0(zod@4.5.4)
      jose: 6.2.10
      kysely: 0.29.5
      nanostores: 1.5.3
      zod: 4.5.4

  '@better-auth/drizzle-adapter@1.7.1(@better-auth/core@1.7.1(@better-auth/utils@0.4.2)(@better-fetch/fetch@1.3.1)(better-call@1.4.0(zod@4.5.4))(jose@6.2.10)(kysely@0.29.5)(nanostores@1.5.3))(@better-auth/utils@0.4.2)':
    dependencies:
      '@better-auth/core': 1.7.1(@better-auth/utils@0.4.2)(@better-fetch/fetch@1.3.1)(better-call@1.4.0(zod@4.5.4))(jose@6.2.10)(kysely@0.29.5)(nanostores@1.5.3)
      '@better-auth/utils': 0.4.2

  '@better-auth/kysely-adapter@1.7.1(@better-auth/core@1.7.1(@better-auth/utils@0.4.2)(@better-fetch/fetch@1.3.1)(better-call@1.4.0(zod@4.5.4))(jose@6.2.10)(kysely@0.29.5)(nanostores@1.5.3))(@better-auth/utils@0.4.2)(kysely@0.29.5)':
    dependencies:
      '@better-auth/core': 1.7.1(@better-auth/utils@0.4.2)(@better-fetch/fetch@1.3.1)(better-call@1.4.0(zod@4.5.4))(jose@6.2.10)(kysely@0.29.5)(nanostores@1.5.3)
      '@better-auth/utils': 0.4.2
    optionalDependencies:
      kysely: 0.29.5

  '@better-auth/memory-adapter@1.7.1(@better-auth/core@1.7.1(@better-auth/utils@0.4.2)(@better-fetch/fetch@1.3.1)(better-call@1.4.0(zod@4.5.4))(jose@6.2.10)(kysely@0.29.5)(nanostores@1.5.3))(@better-auth/utils@0.4.2)':
    dependencies:
      '@better-auth/core': 1.7.1(@better-auth/utils@0.4.2)(@better-fetch/fetch@1.3.1)(better-call@1.4.0(zod@4.5.4))(jose@6.2.10)(kysely@0.29.5)(nanostores@1.5.3)
      '@better-auth/utils': 0.4.2

  '@better-auth/mongo-adapter@1.7.1(@better-auth/core@1.7.1(@better-auth/utils@0.4.2)(@better-fetch/fetch@1.3.1)(better-call@1.4.0(zod@4.5.4))(jose@6.2.10)(kysely@0.29.5)(nanostores@1.5.3))(@better-auth/utils@0.4.2)':
    dependencies:
      '@better-auth/core': 1.7.1(@better-auth/utils@0.4.2)(@better-fetch/fetch@1.3.1)(better-call@1.4.0(zod@4.5.4))(jose@6.2.10)(kysely@0.29.5)(nanostores@1.5.3)
      '@better-auth/utils': 0.4.2

  '@better-auth/prisma-adapter@1.7.1(@better-auth/core@1.7.1(@better-auth/utils@0.4.2)(@better-fetch/fetch@1.3.1)(better-call@1.4.0(zod@4.5.4))(jose@6.2.10)(kysely@0.29.5)(nanostores@1.5.3))(@better-auth/utils@0.4.2)':
    dependencies:
      '@better-auth/core': 1.7.1(@better-auth/utils@0.4.2)(@better-fetch/fetch@1.3.1)(better-call@1.4.0(zod@4.5.4))(jose@6.2.10)(kysely@0.29.5)(nanostores@1.5.3)
      '@better-auth/utils': 0.4.2

  '@better-auth/telemetry@1.7.1(@better-auth/core@1.7.1(@better-auth/utils@0.4.2)(@better-fetch/fetch@1.3.1)(better-call@1.4.0(zod@4.5.4))(jose@6.2.10)(kysely@0.29.5)(nanostores@1.5.3))(@better-auth/utils@0.4.2)(@better-fetch/fetch@1.3.1)':
    dependencies:
      '@better-auth/core': 1.7.1(@better-auth/utils@0.4.2)(@better-fetch/fetch@1.3.1)(better-call@1.4.0(zod@4.5.4))(jose@6.2.10)(kysely@0.29.5)(nanostores@1.5.3)
      '@better-auth/utils': 0.4.2
      '@better-fetch/fetch': 1.3.1

  '@better-auth/utils@0.4.2':
    dependencies:
      '@noble/hashes': 2.4.0

  '@better-auth/utils@0.5.0':
    dependencies:
      '@noble/hashes': 2.4.0

  '@better-fetch/fetch@1.3.1': {}

  '@jridgewell/sourcemap-codec@1.6.0': {}

  '@noble/ciphers@2.4.0': {}

  '@noble/hashes@2.4.0': {}

  '@opentelemetry/semantic-conventions@1.43.0': {}

  '@standard-schema/spec@1.1.0': {}

  '@vue/compiler-core@3.5.41':
    dependencies:
      '@babel/parser': 7.29.8
      '@vue/shared': 3.5.41
      entities: 7.0.1
      estree-walker: 2.0.2
      source-map-js: 1.2.1

  '@vue/compiler-dom@3.5.41':
    dependencies:
      '@vue/compiler-core': 3.5.41
      '@vue/shared': 3.5.41

  '@vue/compiler-sfc@3.5.41':
    dependencies:
      '@babel/parser': 7.29.8
      '@vue/compiler-core': 3.5.41
      '@vue/compiler-dom': 3.5.41
      '@vue/compiler-ssr': 3.5.41
      '@vue/shared': 3.5.41
      estree-walker: 2.0.2
      magic-string: 0.30.21
      postcss: 8.5.28
      source-map-js: 1.2.1

  '@vue/compiler-ssr@3.5.41':
    dependencies:
      '@vue/compiler-dom': 3.5.41
      '@vue/shared': 3.5.41

  '@vue/reactivity@3.5.41':
    dependencies:
      '@vue/shared': 3.5.41

  '@vue/runtime-core@3.5.41':
    dependencies:
      '@vue/reactivity': 3.5.41
      '@vue/shared': 3.5.41

  '@vue/runtime-dom@3.5.41':
    dependencies:
      '@vue/reactivity': 3.5.41
      '@vue/runtime-core': 3.5.41
      '@vue/shared': 3.5.41
      csstype: 3.2.3

  '@vue/server-renderer@3.5.41':
    dependencies:
      '@vue/compiler-ssr': 3.5.41
      '@vue/runtime-dom': 3.5.41
      '@vue/shared': 3.5.41

  '@vue/shared@3.5.41': {}

  better-auth@1.7.1(vue@3.5.41(typescript@5.9.3)):
    dependencies:
      '@better-auth/core': 1.7.1(@better-auth/utils@0.4.2)(@better-fetch/fetch@1.3.1)(better-call@1.4.0(zod@4.5.4))(jose@6.2.10)(kysely@0.29.5)(nanostores@1.5.3)
      '@better-auth/drizzle-adapter': 1.7.1(@better-auth/core@1.7.1(@better-auth/utils@0.4.2)(@better-fetch/fetch@1.3.1)(better-call@1.4.0(zod@4.5.4))(jose@6.2.10)(kysely@0.29.5)(nanostores@1.5.3))(@better-auth/utils@0.4.2)
      '@better-auth/kysely-adapter': 1.7.1(@better-auth/core@1.7.1(@better-auth/utils@0.4.2)(@better-fetch/fetch@1.3.1)(better-call@1.4.0(zod@4.5.4))(jose@6.2.10)(kysely@0.29.5)(nanostores@1.5.3))(@better-auth/utils@0.4.2)(kysely@0.29.5)
      '@better-auth/memory-adapter': 1.7.1(@better-auth/core@1.7.1(@better-auth/utils@0.4.2)(@better-fetch/fetch@1.3.1)(better-call@1.4.0(zod@4.5.4))(jose@6.2.10)(kysely@0.29.5)(nanostores@1.5.3))(@better-auth/utils@0.4.2)
      '@better-auth/mongo-adapter': 1.7.1(@better-auth/core@1.7.1(@better-auth/utils@0.4.2)(@better-fetch/fetch@1.3.1)(better-call@1.4.0(zod@4.5.4))(jose@6.2.10)(kysely@0.29.5)(nanostores@1.5.3))(@better-auth/utils@0.4.2)
      '@better-auth/prisma-adapter': 1.7.1(@better-auth/core@1.7.1(@better-auth/utils@0.4.2)(@better-fetch/fetch@1.3.1)(better-call@1.4.0(zod@4.5.4))(jose@6.2.10)(kysely@0.29.5)(nanostores@1.5.3))(@better-auth/utils@0.4.2)
      '@better-auth/telemetry': 1.7.1(@better-auth/core@1.7.1(@better-auth/utils@0.4.2)(@better-fetch/fetch@1.3.1)(better-call@1.4.0(zod@4.5.4))(jose@6.2.10)(kysely@0.29.5)(nanostores@1.5.3))(@better-auth/utils@0.4.2)(@better-fetch/fetch@1.3.1)
      '@better-auth/utils': 0.4.2
      '@better-fetch/fetch': 1.3.1
      '@noble/ciphers': 2.4.0
      '@noble/hashes': 2.4.0
      better-call: 1.4.0(zod@4.5.4)
      defu: 6.1.7
      jose: 6.2.10
      kysely: 0.29.5
      nanostores: 1.5.3
      zod: 4.5.4
    optionalDependencies:
      vue: 3.5.41(typescript@5.9.3)
    transitivePeerDependencies:
      - '@cloudflare/workers-types'
      - '@opentelemetry/api'

  better-call@1.4.0(zod@4.5.4):
    dependencies:
      '@better-auth/utils': 0.5.0
      '@better-fetch/fetch': 1.3.1
      rou3: 0.9.2
      set-cookie-parser: 3.1.2
    optionalDependencies:
      zod: 4.5.4

  csstype@3.2.3: {}

  defu@6.1.7: {}

  entities@7.0.1: {}

  estree-walker@2.0.2: {}

  jose@6.2.10: {}

  kysely@0.29.5: {}

  magic-string@0.30.21:
    dependencies:
      '@jridgewell/sourcemap-codec': 1.6.0

  nanoid@3.3.18: {}

  nanostores@1.5.3: {}

  picocolors@1.1.1: {}

  postcss@8.5.28:
    dependencies:
      nanoid: 3.3.18
      picocolors: 1.1.1
      source-map-js: 1.2.1

  rou3@0.9.2: {}

  set-cookie-parser@3.1.2: {}

  source-map-js@1.2.1: {}

  typescript@5.9.3:
    optional: true

  vue@3.5.41(typescript@5.9.3):
    dependencies:
      '@vue/compiler-dom': 3.5.41
      '@vue/compiler-sfc': 3.5.41
      '@vue/runtime-dom': 3.5.41
      '@vue/server-renderer': 3.5.41
      '@vue/shared': 3.5.41
    optionalDependencies:
      typescript: 5.9.3

  zod@4.5.4: {}
